// !$*UTF8*$!
{
	archiveVersion = 1;
	classes = {
	};
	objectVersion = 50;
	objects = {

/* Begin PBXBuildFile section */
		23391FB123D4C268005A073D /* Resnet50.mlmodel in Sources */ = {isa = PBXBuildFile; fileRef = 23391FB023D4C268005A073D /* Resnet50.mlmodel */; };
		238ACD8823CDC9C3000643F1 /* CameraMLViewController.swift in Sources */ = {isa = PBXBuildFile; fileRef = 238ACD8723CDC9C3000643F1 /* CameraMLViewController.swift */; };
		23C7A9BA23CE331300209A5E /* SqueezeNet.mlmodel in Sources */ = {isa = PBXBuildFile; fileRef = 23C7A9B923CE331300209A5E /* SqueezeNet.mlmodel */; };
		23D426D423CBDC20007BE66D /* AppDelegate.swift in Sources */ = {isa = PBXBuildFile; fileRef = 23D426D323CBDC20007BE66D /* AppDelegate.swift */; };
		23D426D623CBDC20007BE66D /* SceneDelegate.swift in Sources */ = {isa = PBXBuildFile; fileRef = 23D426D523CBDC20007BE66D /* SceneDelegate.swift */; };
		23D426D823CBDC20007BE66D /* InitialViewController.swift in Sources */ = {isa = PBXBuildFile; fileRef = 23D426D723CBDC20007BE66D /* InitialViewController.swift */; };
		23D426DB23CBDC20007BE66D /* Main.storyboard in Resources */ = {isa = PBXBuildFile; fileRef = 23D426D923CBDC20007BE66D /* Main.storyboard */; };
		23D426DD23CBDC24007BE66D /* Assets.xcassets in Resources */ = {isa = PBXBuildFile; fileRef = 23D426DC23CBDC24007BE66D /* Assets.xcassets */; };
		23D426E023CBDC24007BE66D /* LaunchScreen.storyboard in Resources */ = {isa = PBXBuildFile; fileRef = 23D426DE23CBDC24007BE66D /* LaunchScreen.storyboard */; };
/* End PBXBuildFile section */

/* Begin PBXFileReference section */
		23391FB023D4C268005A073D /* Resnet50.mlmodel */ = {isa = PBXFileReference; lastKnownFileType = file.mlmodel; path = Resnet50.mlmodel; sourceTree = "<group>"; };
		238ACD8723CDC9C3000643F1 /* CameraMLViewController.swift */ = {isa = PBXFileReference; lastKnownFileType = sourcecode.swift; path = CameraMLViewController.swift; sourceTree = "<group>"; };
		23C7A9B923CE331300209A5E /* SqueezeNet.mlmodel */ = {isa = PBXFileReference; lastKnownFileType = file.mlmodel; path = SqueezeNet.mlmodel; sourceTree = "<group>"; };
		23D426D023CBDC20007BE66D /* MLProject.app */ = {isa = PBXFileReference; explicitFileType = wrapper.application; includeInIndex = 0; path = MLProject.app; sourceTree = BUILT_PRODUCTS_DIR; };
		23D426D323CBDC20007BE66D /* AppDelegate.swift */ = {isa = PBXFileReference; lastKnownFileType = sourcecode.swift; path = AppDelegate.swift; sourceTree = "<group>"; };
		23D426D523CBDC20007BE66D /* SceneDelegate.swift */ = {isa = PBXFileReference; lastKnownFileType = sourcecode.swift; path = SceneDelegate.swift; sourceTree = "<group>"; };
		23D426D723CBDC20007BE66D /* InitialViewController.swift */ = {isa = PBXFileReference; lastKnownFileType = sourcecode.swift; path = InitialViewController.swift; sourceTree = "<group>"; };
		23D426DA23CBDC20007BE66D /* Base */ = {isa = PBXFileReference; lastKnownFileType = file.storyboard; name = Base; path = Base.lproj/Main.storyboard; sourceTree = "<group>"; };
		23D426DC23CBDC24007BE66D /* Assets.xcassets */ = {isa = PBXFileReference; lastKnownFileType = folder.assetcatalog; path = Assets.xcassets; sourceTree = "<group>"; };
		23D426DF23CBDC24007BE66D /* Base */ = {isa = PBXFileReference; lastKnownFileType = file.storyboard; name = Base; path = Base.lproj/LaunchScreen.storyboard; sourceTree = "<group>"; };
		23D426E123CBDC24007BE66D /* Info.plist */ = {isa = PBXFileReference; lastKnownFileType = text.plist.xml; path = Info.plist; sourceTree = "<group>"; };
/* End PBXFileReference section */

/* Begin PBXFrameworksBuildPhase section */
		23D426CD23CBDC20007BE66D /* Frameworks */ = {
			isa = PBXFrameworksBuildPhase;
			buildActionMask = 2147483647;
			files = (
			);
			runOnlyForDeploymentPostprocessing = 0;
		};
/* End PBXFrameworksBuildPhase section */

/* Begin PBXGroup section */
		237AC67923CE31CD006A1A86 /* ML Models */ = {
			isa = PBXGroup;
			children = (
				23C7A9B923CE331300209A5E /* SqueezeNet.mlmodel */,
				23391FB023D4C268005A073D /* Resnet50.mlmodel */,
			);
			path = "ML Models";
			sourceTree = "<group>";
		};
		23D24C7B23CDC0E700E0A19B /* Model */ = {
			isa = PBXGroup;
			children = (
				237AC67923CE31CD006A1A86 /* ML Models */,
			);
			path = Model;
			sourceTree = "<group>";
		};
		23D24C7C23CDC0EE00E0A19B /* View */ = {
			isa = PBXGroup;
			children = (
				23D426D923CBDC20007BE66D /* Main.storyboard */,
				23D426DE23CBDC24007BE66D /* LaunchScreen.storyboard */,
			);
			path = View;
			sourceTree = "<group>";
		};
		23D24C7D23CDC0F200E0A19B /* Controller */ = {
			isa = PBXGroup;
			children = (
				23D426D723CBDC20007BE66D /* InitialViewController.swift */,
				23D426D523CBDC20007BE66D /* SceneDelegate.swift */,
				23D426D323CBDC20007BE66D /* AppDelegate.swift */,
				238ACD8723CDC9C3000643F1 /* CameraMLViewController.swift */,
			);
			path = Controller;
			sourceTree = "<group>";
		};
		23D426C723CBDC20007BE66D = {
			isa = PBXGroup;
			children = (
				23D426D223CBDC20007BE66D /* MLProject */,
				23D426D123CBDC20007BE66D /* Products */,
			);
			sourceTree = "<group>";
		};
		23D426D123CBDC20007BE66D /* Products */ = {
			isa = PBXGroup;
			children = (
				23D426D023CBDC20007BE66D /* MLProject.app */,
			);
			name = Products;
			sourceTree = "<group>";
		};
		23D426D223CBDC20007BE66D /* MLProject */ = {
			isa = PBXGroup;
			children = (
				23D24C7D23CDC0F200E0A19B /* Controller */,
				23D24C7C23CDC0EE00E0A19B /* View */,
				23D24C7B23CDC0E700E0A19B /* Model */,
				23D426DC23CBDC24007BE66D /* Assets.xcassets */,
				23D426E123CBDC24007BE66D /* Info.plist */,
			);
			path = MLProject;
			sourceTree = "<group>";
		};
/* End PBXGroup section */

/* Begin PBXNativeTarget section */
		23D426CF23CBDC20007BE66D /* MLProject */ = {
			isa = PBXNativeTarget;
			buildConfigurationList = 23D426E423CBDC24007BE66D /* Build configuration list for PBXNativeTarget "MLProject" */;
			buildPhases = (
				23D426CC23CBDC20007BE66D /* Sources */,
				23D426CD23CBDC20007BE66D /* Frameworks */,
				23D426CE23CBDC20007BE66D /* Resources */,
			);
			buildRules = (
			);
			dependencies = (
			);
			name = MLProject;
			productName = MLProject;
			productReference = 23D426D023CBDC20007BE66D /* MLProject.app */;
			productType = "com.apple.product-type.application";
		};
/* End PBXNativeTarget section */

/* Begin PBXProject section */
		23D426C823CBDC20007BE66D /* Project object */ = {
			isa = PBXProject;
			attributes = {
				LastSwiftUpdateCheck = 1120;
				LastUpgradeCheck = 1120;
				ORGANIZATIONNAME = "Mateusz Łukasiński";
				TargetAttributes = {
					23D426CF23CBDC20007BE66D = {
						CreatedOnToolsVersion = 11.2.1;
					};
				};
			};
			buildConfigurationList = 23D426CB23CBDC20007BE66D /* Build configuration list for PBXProject "MLProject" */;
			compatibilityVersion = "Xcode 9.3";
			developmentRegion = en;
			hasScannedForEncodings = 0;
			knownRegions = (
				en,
				Base,
			);
			mainGroup = 23D426C723CBDC20007BE66D;
			productRefGroup = 23D426D123CBDC20007BE66D /* Products */;
			projectDirPath = "";
			projectRoot = "";
			targets = (
				23D426CF23CBDC20007BE66D /* MLProject */,
			);
		};
/* End PBXProject section */

/* Begin PBXResourcesBuildPhase section */
		23D426CE23CBDC20007BE66D /* Resources */ = {
			isa = PBXResourcesBuildPhase;
			buildActionMask = 2147483647;
			files = (
				23D426E023CBDC24007BE66D /* LaunchScreen.storyboard in Resources */,
				23D426DD23CBDC24007BE66D /* Assets.xcassets in Resources */,
				23D426DB23CBDC20007BE66D /* Main.storyboard in Resources */,
			);
			runOnlyForDeploymentPostprocessing = 0;
		};
/* End PBXResourcesBuildPhase section */

/* Begin PBXSourcesBuildPhase section */
		23D426CC23CBDC20007BE66D /* Sources */ = {
			isa = PBXSourcesBuildPhase;
			buildActionMask = 2147483647;
			files = (
				238ACD8823CDC9C3000643F1 /* CameraMLViewController.swift in Sources */,
				23D426D823CBDC20007BE66D /* InitialViewController.swift in Sources */,
				23C7A9BA23CE331300209A5E /* SqueezeNet.mlmodel in Sources */,
				23D426D423CBDC20007BE66D /* AppDelegate.swift in Sources */,
				23391FB123D4C268005A073D /* Resnet50.mlmodel in Sources */,
				23D426D623CBDC20007BE66D /* SceneDelegate.swift in Sources */,
			);
			runOnlyForDeploymentPostprocessing = 0;
		};
/* End PBXSourcesBuildPhase section */

/* Begin PBXVariantGroup section */
		23D426D923CBDC20007BE66D /* Main.storyboard */ = {
			isa = PBXVariantGroup;
			children = (
				23D426DA23CBDC20007BE66D /* Base */,
			);
			name = Main.storyboard;
			sourceTree = "<group>";
		};
		23D426DE23CBDC24007BE66D /* LaunchScreen.storyboard */ = {
			isa = PBXVariantGroup;
			children = (
				23D426DF23CBDC24007BE66D /* Base */,
			);
			name = LaunchScreen.storyboard;
			sourceTree = "<group>";
		};
/* End PBXVariantGroup section */

/* Begin XCBuildConfiguration section */
		23D426E223CBDC24007BE66D /* Debug */ = {
			isa = XCBuildConfiguration;
			buildSettings = {
				ALWAYS_SEARCH_USER_PATHS = NO;
				CLANG_ANALYZER_NONNULL = YES;
				CLANG_ANALYZER_NUMBER_OBJECT_CONVERSION = YES_AGGRESSIVE;
				CLANG_CXX_LANGUAGE_STANDARD = "gnu++14";
				CLANG_CXX_LIBRARY = "libc++";
				CLANG_ENABLE_MODULES = YES;
				CLANG_ENABLE_OBJC_ARC = YES;
				CLANG_ENABLE_OBJC_WEAK = YES;
				CLANG_WARN_BLOCK_CAPTURE_AUTORELEASING = YES;
				CLANG_WARN_BOOL_CONVERSION = YES;
				CLANG_WARN_COMMA = YES;
				CLANG_WARN_CONSTANT_CONVERSION = YES;
				CLANG_WARN_DEPRECATED_OBJC_IMPLEMENTATIONS = YES;
				CLANG_WARN_DIRECT_OBJC_ISA_USAGE = YES_ERROR;
				CLANG_WARN_DOCUMENTATION_COMMENTS = YES;
				CLANG_WARN_EMPTY_BODY = YES;
				CLANG_WARN_ENUM_CONVERSION = YES;
				CLANG_WARN_INFINITE_RECURSION = YES;
				CLANG_WARN_INT_CONVERSION = YES;
				CLANG_WARN_NON_LITERAL_NULL_CONVERSION = YES;
				CLANG_WARN_OBJC_IMPLICIT_RETAIN_SELF = YES;
				CLANG_WARN_OBJC_LITERAL_CONVERSION = YES;
				CLANG_WARN_OBJC_ROOT_CLASS = YES_ERROR;
				CLANG_WARN_RANGE_LOOP_ANALYSIS = YES;
				CLANG_WARN_STRICT_PROTOTYPES = YES;
				CLANG_WARN_SUSPICIOUS_MOVE = YES;
				CLANG_WARN_UNGUARDED_AVAILABILITY = YES_AGGRESSIVE;
				CLANG_WARN_UNREACHABLE_CODE = YES;
				CLANG_WARN__DUPLICATE_METHOD_MATCH = YES;
				COPY_PHASE_STRIP = NO;
				DEBUG_INFORMATION_FORMAT = dwarf;
				ENABLE_STRICT_OBJC_MSGSEND = YES;
				ENABLE_TESTABILITY = YES;
				GCC_C_LANGUAGE_STANDARD = gnu11;
				GCC_DYNAMIC_NO_PIC = NO;
				GCC_NO_COMMON_BLOCKS = YES;
				GCC_OPTIMIZATION_LEVEL = 0;
				GCC_PREPROCESSOR_DEFINITIONS = (
					"DEBUG=1",
					"$(inherited)",
				);
				GCC_WARN_64_TO_32_BIT_CONVERSION = YES;
				GCC_WARN_ABOUT_RETURN_TYPE = YES_ERROR;
				GCC_WARN_UNDECLARED_SELECTOR = YES;
				GCC_WARN_UNINITIALIZED_AUTOS = YES_AGGRESSIVE;
				GCC_WARN_UNUSED_FUNCTION = YES;
				GCC_WARN_UNUSED_VARIABLE = YES;
				IPHONEOS_DEPLOYMENT_TARGET = 13.2;
				MTL_ENABLE_DEBUG_INFO = INCLUDE_SOURCE;
				MTL_FAST_MATH = YES;
				ONLY_ACTIVE_ARCH = YES;
				SDKROOT = iphoneos;
				SWIFT_ACTIVE_COMPILATION_CONDITIONS = DEBUG;
				SWIFT_OPTIMIZATION_LEVEL = "-Onone";
			};
			name = Debug;
		};
		23D426E323CBDC24007BE66D /* Release */ = {
			isa = XCBuildConfiguration;
			buildSettings = {
				ALWAYS_SEARCH_USER_PATHS = NO;
				CLANG_ANALYZER_NONNULL = YES;
				CLANG_ANALYZER_NUMBER_OBJECT_CONVERSION = YES_AGGRESSIVE;
				CLANG_CXX_LANGUAGE_STANDARD = "gnu++14";
				CLANG_CXX_LIBRARY = "libc++";
				CLANG_ENABLE_MODULES = YES;
				CLANG_ENABLE_OBJC_ARC = YES;
				CLANG_ENABLE_OBJC_WEAK = YES;
				CLANG_WARN_BLOCK_CAPTURE_AUTORELEASING = YES;
				CLANG_WARN_BOOL_CONVERSION = YES;
				CLANG_WARN_COMMA = YES;
				CLANG_WARN_CONSTANT_CONVERSION = YES;
				CLANG_WARN_DEPRECATED_OBJC_IMPLEMENTATIONS = YES;
				CLANG_WARN_DIRECT_OBJC_ISA_USAGE = YES_ERROR;
				CLANG_WARN_DOCUMENTATION_COMMENTS = YES;
				CLANG_WARN_EMPTY_BODY = YES;
				CLANG_WARN_ENUM_CONVERSION = YES;
				CLANG_WARN_INFINITE_RECURSION = YES;
				CLANG_WARN_INT_CONVERSION = YES;
				CLANG_WARN_NON_LITERAL_NULL_CONVERSION = YES;
				CLANG_WARN_OBJC_IMPLICIT_RETAIN_SELF = YES;
				CLANG_WARN_OBJC_LITERAL_CONVERSION = YES;
				CLANG_WARN_OBJC_ROOT_CLASS = YES_ERROR;
				CLANG_WARN_RANGE_LOOP_ANALYSIS = YES;
				CLANG_WARN_STRICT_PROTOTYPES = YES;
				CLANG_WARN_SUSPICIOUS_MOVE = YES;
				CLANG_WARN_UNGUARDED_AVAILABILITY = YES_AGGRESSIVE;
				CLANG_WARN_UNREACHABLE_CODE = YES;
				CLANG_WARN__DUPLICATE_METHOD_MATCH = YES;
				COPY_PHASE_STRIP = NO;
				DEBUG_INFORMATION_FORMAT = "dwarf-with-dsym";
				ENABLE_NS_ASSERTIONS = NO;
				ENABLE_STRICT_OBJC_MSGSEND = YES;
				GCC_C_LANGUAGE_STANDARD = gnu11;
				GCC_NO_COMMON_BLOCKS = YES;
				GCC_WARN_64_TO_32_BIT_CONVERSION = YES;
				GCC_WARN_ABOUT_RETURN_TYPE = YES_ERROR;
				GCC_WARN_UNDECLARED_SELECTOR = YES;
				GCC_WARN_UNINITIALIZED_AUTOS = YES_AGGRESSIVE;
				GCC_WARN_UNUSED_FUNCTION = YES;
				GCC_WARN_UNUSED_VARIABLE = YES;
				IPHONEOS_DEPLOYMENT_TARGET = 13.2;
				MTL_ENABLE_DEBUG_INFO = NO;
				MTL_FAST_MATH = YES;
				SDKROOT = iphoneos;
				SWIFT_COMPILATION_MODE = wholemodule;
				SWIFT_OPTIMIZATION_LEVEL = "-O";
				VALIDATE_PRODUCT = YES;
			};
			name = Release;
		};
		23D426E523CBDC24007BE66D /* Debug */ = {
			isa = XCBuildConfiguration;
			buildSettings = {
				ASSETCATALOG_COMPILER_APPICON_NAME = AppIcon;
				CODE_SIGN_STYLE = Automatic;
				DEVELOPMENT_TEAM = 7CS6N8JRT4;
				INFOPLIST_FILE = MLProject/Info.plist;
				IPHONEOS_DEPLOYMENT_TARGET = 13.2;
				LD_RUNPATH_SEARCH_PATHS = (
					"$(inherited)",
					"@executable_path/Frameworks",
				);
				PRODUCT_BUNDLE_IDENTIFIER = MLukasinski.MLProject;
				PRODUCT_NAME = "$(TARGET_NAME)";
				SWIFT_VERSION = 5.0;
				TARGETED_DEVICE_FAMILY = "1,2";
			};
			name = Debug;
		};
		23D426E623CBDC24007BE66D /* Release */ = {
			isa = XCBuildConfiguration;
			buildSettings = {
				ASSETCATALOG_COMPILER_APPICON_NAME = AppIcon;
				CODE_SIGN_STYLE = Automatic;
				DEVELOPMENT_TEAM = 7CS6N8JRT4;
				INFOPLIST_FILE = MLProject/Info.plist;
				IPHONEOS_DEPLOYMENT_TARGET = 13.2;
				LD_RUNPATH_SEARCH_PATHS = (
					"$(inherited)",
					"@executable_path/Frameworks",
				);
				PRODUCT_BUNDLE_IDENTIFIER = MLukasinski.MLProject;
				PRODUCT_NAME = "$(TARGET_NAME)";
				SWIFT_VERSION = 5.0;
				TARGETED_DEVICE_FAMILY = "1,2";
			};
			name = Release;
		};
/* End XCBuildConfiguration section */

/* Begin XCConfigurationList section */
		23D426CB23CBDC20007BE66D /* Build configuration list for PBXProject "MLProject" */ = {
			isa = XCConfigurationList;
			buildConfigurations = (
				23D426E223CBDC24007BE66D /* Debug */,
				23D426E323CBDC24007BE66D /* Release */,
			);
			defaultConfigurationIsVisible = 0;
			defaultConfigurationName = Release;
		};
		23D426E423CBDC24007BE66D /* Build configuration list for PBXNativeTarget "MLProject" */ = {
			isa = XCConfigurationList;
			buildConfigurations = (
				23D426E523CBDC24007BE66D /* Debug */,
				23D426E623CBDC24007BE66D /* Release */,
			);
			defaultConfigurationIsVisible = 0;
			defaultConfigurationName = Release;
		};
/* End XCConfigurationList section */
	};
	rootObject = 23D426C823CBDC20007BE66D /* Project object */;
}
